
Microsoft Visual Studio Solution File, Format Version 12.00
# Visual Studio Version 17
VisualStudioVersion = 17.11.35327.3
MinimumVisualStudioVersion = 10.0.40219.1
Project("{FAE04EC0-301F-11D3-BF4B-00C04F79EFBC}") = "QLSinhVien", "QLSinhVien\QLSinhVien.csproj", "{F698F7F3-3184-4364-974E-20459CF1A6F2}"
EndProject
Global
	GlobalSection(SolutionConfigurationPlatforms) = preSolution
		Debug|Any CPU = Debug|Any CPU
		Release|Any CPU = Release|Any CPU
	EndGlobalSection
	GlobalSection(ProjectConfigurationPlatforms) = postSolution
		{F698F7F3-3184-4364-974E-20459CF1A6F2}.Debug|Any CPU.ActiveCfg = Debug|Any CPU
		{F698F7F3-3184-4364-974E-20459CF1A6F2}.Debug|Any CPU.Build.0 = Debug|Any CPU
		{F698F7F3-3184-4364-974E-20459CF1A6F2}.Release|Any CPU.ActiveCfg = Release|Any CPU
		{F698F7F3-3184-4364-974E-20459CF1A6F2}.Release|Any CPU.Build.0 = Release|Any CPU
	EndGlobalSection
	GlobalSection(SolutionProperties) = preSolution
		HideSolutionNode = FALSE
	EndGlobalSection
	GlobalSection(ExtensibilityGlobals) = postSolution
		SolutionGuid = {60A700F5-2360-4B25-AA64-6CA708B3D5DD}
	EndGlobalSection
EndGlobal
